
Microsoft Visual Studio Solution File, Format Version 12.00
# Visual Studio Version 16
VisualStudioVersion = 16.0.29709.97
MinimumVisualStudioVersion = 10.0.40219.1
Project("{FAE04EC0-301F-11D3-BF4B-00C04F79EFBC}") = "project_Advanced_Programming", "project_Advanced_Programming\project_Advanced_Programming.csproj", "{EA231F82-9A41-4EEA-A229-1AA754DD351F}"
EndProject
Global
	GlobalSection(SolutionConfigurationPlatforms) = preSolution
		Debug|Any CPU = Debug|Any CPU
		Release|Any CPU = Release|Any CPU
	EndGlobalSection
	GlobalSection(ProjectConfigurationPlatforms) = postSolution
		{EA231F82-9A41-4EEA-A229-1AA754DD351F}.Debug|Any CPU.ActiveCfg = Debug|Any CPU
		{EA231F82-9A41-4EEA-A229-1AA754DD351F}.Debug|Any CPU.Build.0 = Debug|Any CPU
		{EA231F82-9A41-4EEA-A229-1AA754DD351F}.Release|Any CPU.ActiveCfg = Release|Any CPU
		{EA231F82-9A41-4EEA-A229-1AA754DD351F}.Release|Any CPU.Build.0 = Release|Any CPU
	EndGlobalSection
	GlobalSection(SolutionProperties) = preSolution
		HideSolutionNode = FALSE
	EndGlobalSection
	GlobalSection(ExtensibilityGlobals) = postSolution
		SolutionGuid = {BACD1D41-6BD2-4ECC-A1C3-6E5163BAAF0C}
	EndGlobalSection
EndGlobal
